// !$*UTF8*$!
{
	archiveVersion = 1;
	classes = {
	};
	objectVersion = 56;
	objects = {

/* Begin PBXBuildFile section */
		1F002E572C01C3EA007B44E0 /* UINavigationController+Ext.swift in Sources */ = {isa = PBXBuildFile; fileRef = 1F002E562C01C3EA007B44E0 /* UINavigationController+Ext.swift */; };
		1F002E5A2C01C491007B44E0 /* FontType.swift in Sources */ = {isa = PBXBuildFile; fileRef = 1F002E592C01C491007B44E0 /* FontType.swift */; };
		1F002E5C2C01C4EB007B44E0 /* FontSize.swift in Sources */ = {isa = PBXBuildFile; fileRef = 1F002E5B2C01C4EB007B44E0 /* FontSize.swift */; };
		1F002E5E2C02056C007B44E0 /* CustomNavigationController.swift in Sources */ = {isa = PBXBuildFile; fileRef = 1F002E5D2C02056C007B44E0 /* CustomNavigationController.swift */; };
		1F002E602C0205BA007B44E0 /* TextTypeModifier.swift in Sources */ = {isa = PBXBuildFile; fileRef = 1F002E5F2C0205BA007B44E0 /* TextTypeModifier.swift */; };
		1F002E622C025DD9007B44E0 /* AppCoordinator.swift in Sources */ = {isa = PBXBuildFile; fileRef = 1F002E612C025DD9007B44E0 /* AppCoordinator.swift */; };
		1F0C19752BFCCAF200F720BE /* FlipEffect.swift in Sources */ = {isa = PBXBuildFile; fileRef = 1F0C19742BFCCAF200F720BE /* FlipEffect.swift */; };
		1F1CC4D82BEE78AC00037CE0 /* Poppins-Bold.ttf in Resources */ = {isa = PBXBuildFile; fileRef = 1FC7EC382BEE3B22007BCDC4 /* Poppins-Bold.ttf */; };
		1F1CC4D92BEE78AF00037CE0 /* Poppins-MediumItalic.ttf in Resources */ = {isa = PBXBuildFile; fileRef = 1FC7EC3A2BEE3B22007BCDC4 /* Poppins-MediumItalic.ttf */; };
		1F1CC4DA2BEE78B200037CE0 /* Poppins-Regular.ttf in Resources */ = {isa = PBXBuildFile; fileRef = 1FC7EC392BEE3B22007BCDC4 /* Poppins-Regular.ttf */; };
		1F1CC4E22BEEA76700037CE0 /* MockDataProvider.swift in Sources */ = {isa = PBXBuildFile; fileRef = 1F1CC4E12BEEA76700037CE0 /* MockDataProvider.swift */; };
		1F1CC4E42BEEA84B00037CE0 /* Colors.xcassets in Resources */ = {isa = PBXBuildFile; fileRef = 1F1CC4E32BEEA84B00037CE0 /* Colors.xcassets */; };
		1F1CC4E72BEEA8F000037CE0 /* ReusableIdentifier.swift in Sources */ = {isa = PBXBuildFile; fileRef = 1F1CC4E62BEEA8F000037CE0 /* ReusableIdentifier.swift */; };
		1F1CC4E92BEEA91200037CE0 /* UICollectionView+ReusableIdenfifier.swift in Sources */ = {isa = PBXBuildFile; fileRef = 1F1CC4E82BEEA91200037CE0 /* UICollectionView+ReusableIdenfifier.swift */; };
		1F1CC4EC2BEEA96C00037CE0 /* HomeViewController.xib in Resources */ = {isa = PBXBuildFile; fileRef = 1F1CC4EB2BEEA96C00037CE0 /* HomeViewController.xib */; };
		1F1CC4ED2BEEA96C00037CE0 /* HomeViewController.swift in Sources */ = {isa = PBXBuildFile; fileRef = 1F1CC4EA2BEEA96C00037CE0 /* HomeViewController.swift */; };
		1F6587A12BF154EE0006025B /* LabelCollectionViewCell.swift in Sources */ = {isa = PBXBuildFile; fileRef = 1F6587A02BF154EE0006025B /* LabelCollectionViewCell.swift */; };
		1FB653522BF78F3A00923AD7 /* UIConstants.swift in Sources */ = {isa = PBXBuildFile; fileRef = 1FB653512BF78F3A00923AD7 /* UIConstants.swift */; };
		1FB653542BF7BCBC00923AD7 /* SwipingView.swift in Sources */ = {isa = PBXBuildFile; fileRef = 1FB653532BF7BCBB00923AD7 /* SwipingView.swift */; };
		1FB653562BF7BD1A00923AD7 /* SwipingCard.swift in Sources */ = {isa = PBXBuildFile; fileRef = 1FB653552BF7BD1A00923AD7 /* SwipingCard.swift */; };
		1FB653582BF7C05700923AD7 /* ScratchView.swift in Sources */ = {isa = PBXBuildFile; fileRef = 1FB653572BF7C05700923AD7 /* ScratchView.swift */; };
		1FB6535A2BF7C19900923AD7 /* TextType.swift in Sources */ = {isa = PBXBuildFile; fileRef = 1FB653592BF7C19800923AD7 /* TextType.swift */; };
		1FBDCB342BEC0C7400F14095 /* (null) in Frameworks */ = {isa = PBXBuildFile; };
		1FBDCB362BEC0C7400F14095 /* (null) in Frameworks */ = {isa = PBXBuildFile; };
		1FBDCB382BEC0C7400F14095 /* (null) in Frameworks */ = {isa = PBXBuildFile; };
		1FBDCB3A2BEC0C7400F14095 /* (null) in Frameworks */ = {isa = PBXBuildFile; };
		1FC7EC2E2BEE319D007BCDC4 /* FirebaseAuth in Frameworks */ = {isa = PBXBuildFile; productRef = 1FC7EC2D2BEE319D007BCDC4 /* FirebaseAuth */; };
		1FC7EC302BEE319D007BCDC4 /* FirebaseFirestore in Frameworks */ = {isa = PBXBuildFile; productRef = 1FC7EC2F2BEE319D007BCDC4 /* FirebaseFirestore */; };
		1FC7EC322BEE319D007BCDC4 /* FirebaseFirestoreCombine-Community in Frameworks */ = {isa = PBXBuildFile; productRef = 1FC7EC312BEE319D007BCDC4 /* FirebaseFirestoreCombine-Community */; };
		1FC7EC342BEE319D007BCDC4 /* FirebaseFirestoreSwift in Frameworks */ = {isa = PBXBuildFile; productRef = 1FC7EC332BEE319D007BCDC4 /* FirebaseFirestoreSwift */; };
		1FC7EC372BEE35AE007BCDC4 /* BuildConfiguration.swift in Sources */ = {isa = PBXBuildFile; fileRef = 1FC7EC362BEE35AE007BCDC4 /* BuildConfiguration.swift */; };
		1FD1A4182BF3B92B000E73FC /* (null) in Sources */ = {isa = PBXBuildFile; };
		1FD2A47F2BF26FEF005D6D7F /* HorizontalScrollingImageCell.swift in Sources */ = {isa = PBXBuildFile; fileRef = 1FD2A47E2BF26FEF005D6D7F /* HorizontalScrollingImageCell.swift */; };
		1FD32B552BDACCE1006472B3 /* CourseAppApp.swift in Sources */ = {isa = PBXBuildFile; fileRef = 1FD32B542BDACCE1006472B3 /* CourseAppApp.swift */; };
		1FD32B592BDACCE3006472B3 /* Images.xcassets in Resources */ = {isa = PBXBuildFile; fileRef = 1FD32B582BDACCE3006472B3 /* Images.xcassets */; };
		1FD32B5C2BDACCE3006472B3 /* Preview Assets.xcassets in Resources */ = {isa = PBXBuildFile; fileRef = 1FD32B5B2BDACCE3006472B3 /* Preview Assets.xcassets */; };
		1FD3C94A2C00C74400B9135E /* EmbedInScrollView.swift in Sources */ = {isa = PBXBuildFile; fileRef = 1FD3C9492C00C74400B9135E /* EmbedInScrollView.swift */; };
		1FD3C94D2C00CD4A00B9135E /* Coordinator.swift in Sources */ = {isa = PBXBuildFile; fileRef = 1FD3C94C2C00CD4A00B9135E /* Coordinator.swift */; };
		1FD3C94F2C00CF8C00B9135E /* ViewControllerCoordinator.swift in Sources */ = {isa = PBXBuildFile; fileRef = 1FD3C94E2C00CF8C00B9135E /* ViewControllerCoordinator.swift */; };
		1FD3C9512C00D1B300B9135E /* MainTabBarCoordinator.swift in Sources */ = {isa = PBXBuildFile; fileRef = 1FD3C9502C00D1B300B9135E /* MainTabBarCoordinator.swift */; };
		1FD3C9552C00F64C00B9135E /* CoordinatorView.swift in Sources */ = {isa = PBXBuildFile; fileRef = 1FD3C9542C00F64C00B9135E /* CoordinatorView.swift */; };
		1FDB49DB2BFDBB6B00AE21B7 /* UIFont+Ext.swift in Sources */ = {isa = PBXBuildFile; fileRef = 1FDB49DA2BFDBB6B00AE21B7 /* UIFont+Ext.swift */; };
		1FE64BB72C0491010089A2B4 /* EventEmitter.swift in Sources */ = {isa = PBXBuildFile; fileRef = 1FE64BB62C0491010089A2B4 /* EventEmitter.swift */; };
		1FE64BB92C04D03A0089A2B4 /* OnboardingNextView.swift in Sources */ = {isa = PBXBuildFile; fileRef = 1FE64BB82C04D03A0089A2B4 /* OnboardingNextView.swift */; };
		1FE64BBB2C04D0440089A2B4 /* OnboardingLastView.swift in Sources */ = {isa = PBXBuildFile; fileRef = 1FE64BBA2C04D0440089A2B4 /* OnboardingLastView.swift */; };
		1FE64BBD2C04D1660089A2B4 /* OnboardingButtonStyle.swift in Sources */ = {isa = PBXBuildFile; fileRef = 1FE64BBC2C04D1660089A2B4 /* OnboardingButtonStyle.swift */; };
		1FE64BBF2C0502ED0089A2B4 /* ProfileNavigationCoordinator.swift in Sources */ = {isa = PBXBuildFile; fileRef = 1FE64BBE2C0502ED0089A2B4 /* ProfileNavigationCoordinator.swift */; };
		1FE64BC12C0503460089A2B4 /* ProfileView.swift in Sources */ = {isa = PBXBuildFile; fileRef = 1FE64BC02C0503460089A2B4 /* ProfileView.swift */; };
		1FE64BC32C0506AD0089A2B4 /* CategoriesNavigationCoordinator.swift in Sources */ = {isa = PBXBuildFile; fileRef = 1FE64BC22C0506AD0089A2B4 /* CategoriesNavigationCoordinator.swift */; };
		1FECA55D2C036B6E00CB12E2 /* NavigationControllerCoordinator.swift in Sources */ = {isa = PBXBuildFile; fileRef = 1FECA55C2C036B6E00CB12E2 /* NavigationControllerCoordinator.swift */; };
		1FECA55F2C036B9B00CB12E2 /* TabBarControllerCoordinator.swift in Sources */ = {isa = PBXBuildFile; fileRef = 1FECA55E2C036B9B00CB12E2 /* TabBarControllerCoordinator.swift */; };
		1FECA5662C038A8400CB12E2 /* OnboardingView.swift in Sources */ = {isa = PBXBuildFile; fileRef = 1FECA5652C038A8400CB12E2 /* OnboardingView.swift */; };
		1FECA5682C038B1D00CB12E2 /* Action.swift in Sources */ = {isa = PBXBuildFile; fileRef = 1FECA5672C038B1D00CB12E2 /* Action.swift */; };
		1FECA56A2C038C1F00CB12E2 /* OnboardingNavigationCoordinator.swift in Sources */ = {isa = PBXBuildFile; fileRef = 1FECA5692C038C1F00CB12E2 /* OnboardingNavigationCoordinator.swift */; };
		1FECA56C2C038C4E00CB12E2 /* SwipingNavigationCoordinator.swift in Sources */ = {isa = PBXBuildFile; fileRef = 1FECA56B2C038C4E00CB12E2 /* SwipingNavigationCoordinator.swift */; };
		1FEF4A1C2BF6883C00FBA218 /* BorderedModifier.swift in Sources */ = {isa = PBXBuildFile; fileRef = 1FEF4A1B2BF6883C00FBA218 /* BorderedModifier.swift */; };
		1FEF4A1E2BF6887900FBA218 /* Image+ResizableBordered.swift in Sources */ = {isa = PBXBuildFile; fileRef = 1FEF4A1D2BF6887900FBA218 /* Image+ResizableBordered.swift */; };
		1FEF4A202BF688AB00FBA218 /* SelectableButtonStyle.swift in Sources */ = {isa = PBXBuildFile; fileRef = 1FEF4A1F2BF688AB00FBA218 /* SelectableButtonStyle.swift */; };
		1FF3DEEB2BED0170008817F4 /* GoogleService-Info.plist in Resources */ = {isa = PBXBuildFile; fileRef = 1FF3DEEA2BED0170008817F4 /* GoogleService-Info.plist */; };
/* End PBXBuildFile section */

/* Begin PBXFileReference section */
		1F002E562C01C3EA007B44E0 /* UINavigationController+Ext.swift */ = {isa = PBXFileReference; lastKnownFileType = sourcecode.swift; path = "UINavigationController+Ext.swift"; sourceTree = "<group>"; };
		1F002E592C01C491007B44E0 /* FontType.swift */ = {isa = PBXFileReference; lastKnownFileType = sourcecode.swift; path = FontType.swift; sourceTree = "<group>"; };
		1F002E5B2C01C4EB007B44E0 /* FontSize.swift */ = {isa = PBXFileReference; lastKnownFileType = sourcecode.swift; path = FontSize.swift; sourceTree = "<group>"; };
		1F002E5D2C02056C007B44E0 /* CustomNavigationController.swift */ = {isa = PBXFileReference; lastKnownFileType = sourcecode.swift; path = CustomNavigationController.swift; sourceTree = "<group>"; };
		1F002E5F2C0205BA007B44E0 /* TextTypeModifier.swift */ = {isa = PBXFileReference; lastKnownFileType = sourcecode.swift; path = TextTypeModifier.swift; sourceTree = "<group>"; };
		1F002E612C025DD9007B44E0 /* AppCoordinator.swift */ = {isa = PBXFileReference; lastKnownFileType = sourcecode.swift; path = AppCoordinator.swift; sourceTree = "<group>"; };
		1F0C19742BFCCAF200F720BE /* FlipEffect.swift */ = {isa = PBXFileReference; lastKnownFileType = sourcecode.swift; path = FlipEffect.swift; sourceTree = "<group>"; };
		1F1CC4E12BEEA76700037CE0 /* MockDataProvider.swift */ = {isa = PBXFileReference; lastKnownFileType = sourcecode.swift; path = MockDataProvider.swift; sourceTree = "<group>"; };
		1F1CC4E32BEEA84B00037CE0 /* Colors.xcassets */ = {isa = PBXFileReference; lastKnownFileType = folder.assetcatalog; path = Colors.xcassets; sourceTree = "<group>"; };
		1F1CC4E62BEEA8F000037CE0 /* ReusableIdentifier.swift */ = {isa = PBXFileReference; lastKnownFileType = sourcecode.swift; path = ReusableIdentifier.swift; sourceTree = "<group>"; };
		1F1CC4E82BEEA91200037CE0 /* UICollectionView+ReusableIdenfifier.swift */ = {isa = PBXFileReference; lastKnownFileType = sourcecode.swift; path = "UICollectionView+ReusableIdenfifier.swift"; sourceTree = "<group>"; };
		1F1CC4EA2BEEA96C00037CE0 /* HomeViewController.swift */ = {isa = PBXFileReference; lastKnownFileType = sourcecode.swift; path = HomeViewController.swift; sourceTree = "<group>"; };
		1F1CC4EB2BEEA96C00037CE0 /* HomeViewController.xib */ = {isa = PBXFileReference; lastKnownFileType = file.xib; path = HomeViewController.xib; sourceTree = "<group>"; };
		1F6587A02BF154EE0006025B /* LabelCollectionViewCell.swift */ = {isa = PBXFileReference; lastKnownFileType = sourcecode.swift; path = LabelCollectionViewCell.swift; sourceTree = "<group>"; };
		1FB653512BF78F3A00923AD7 /* UIConstants.swift */ = {isa = PBXFileReference; lastKnownFileType = sourcecode.swift; path = UIConstants.swift; sourceTree = "<group>"; };
		1FB653532BF7BCBB00923AD7 /* SwipingView.swift */ = {isa = PBXFileReference; lastKnownFileType = sourcecode.swift; path = SwipingView.swift; sourceTree = "<group>"; };
		1FB653552BF7BD1A00923AD7 /* SwipingCard.swift */ = {isa = PBXFileReference; lastKnownFileType = sourcecode.swift; path = SwipingCard.swift; sourceTree = "<group>"; };
		1FB653572BF7C05700923AD7 /* ScratchView.swift */ = {isa = PBXFileReference; lastKnownFileType = sourcecode.swift; path = ScratchView.swift; sourceTree = "<group>"; };
		1FB653592BF7C19800923AD7 /* TextType.swift */ = {isa = PBXFileReference; lastKnownFileType = sourcecode.swift; path = TextType.swift; sourceTree = "<group>"; };
		1FBDCB2C2BEB64FB00F14095 /* Development.xcconfig */ = {isa = PBXFileReference; lastKnownFileType = text.xcconfig; path = Development.xcconfig; sourceTree = "<group>"; };
		1FBDCB2D2BEB651000F14095 /* Production.xcconfig */ = {isa = PBXFileReference; lastKnownFileType = text.xcconfig; path = Production.xcconfig; sourceTree = "<group>"; };
		1FC7EC352BEE333E007BCDC4 /* Info.plist */ = {isa = PBXFileReference; lastKnownFileType = text.plist.xml; path = Info.plist; sourceTree = "<group>"; };
		1FC7EC362BEE35AE007BCDC4 /* BuildConfiguration.swift */ = {isa = PBXFileReference; lastKnownFileType = sourcecode.swift; path = BuildConfiguration.swift; sourceTree = "<group>"; };
		1FC7EC382BEE3B22007BCDC4 /* Poppins-Bold.ttf */ = {isa = PBXFileReference; lastKnownFileType = file; path = "Poppins-Bold.ttf"; sourceTree = "<group>"; };
		1FC7EC392BEE3B22007BCDC4 /* Poppins-Regular.ttf */ = {isa = PBXFileReference; lastKnownFileType = file; path = "Poppins-Regular.ttf"; sourceTree = "<group>"; };
		1FC7EC3A2BEE3B22007BCDC4 /* Poppins-MediumItalic.ttf */ = {isa = PBXFileReference; lastKnownFileType = file; path = "Poppins-MediumItalic.ttf"; sourceTree = "<group>"; };
		1FD2A47E2BF26FEF005D6D7F /* HorizontalScrollingImageCell.swift */ = {isa = PBXFileReference; lastKnownFileType = sourcecode.swift; path = HorizontalScrollingImageCell.swift; sourceTree = "<group>"; };
		1FD32B512BDACCE1006472B3 /* CourseApp Dev.app */ = {isa = PBXFileReference; explicitFileType = wrapper.application; includeInIndex = 0; path = "CourseApp Dev.app"; sourceTree = BUILT_PRODUCTS_DIR; };
		1FD32B542BDACCE1006472B3 /* CourseAppApp.swift */ = {isa = PBXFileReference; lastKnownFileType = sourcecode.swift; path = CourseAppApp.swift; sourceTree = "<group>"; };
		1FD32B582BDACCE3006472B3 /* Images.xcassets */ = {isa = PBXFileReference; lastKnownFileType = folder.assetcatalog; path = Images.xcassets; sourceTree = "<group>"; };
		1FD32B5B2BDACCE3006472B3 /* Preview Assets.xcassets */ = {isa = PBXFileReference; lastKnownFileType = folder.assetcatalog; path = "Preview Assets.xcassets"; sourceTree = "<group>"; };
		1FD3C9492C00C74400B9135E /* EmbedInScrollView.swift */ = {isa = PBXFileReference; lastKnownFileType = sourcecode.swift; path = EmbedInScrollView.swift; sourceTree = "<group>"; };
		1FD3C94C2C00CD4A00B9135E /* Coordinator.swift */ = {isa = PBXFileReference; lastKnownFileType = sourcecode.swift; path = Coordinator.swift; sourceTree = "<group>"; };
		1FD3C94E2C00CF8C00B9135E /* ViewControllerCoordinator.swift */ = {isa = PBXFileReference; lastKnownFileType = sourcecode.swift; path = ViewControllerCoordinator.swift; sourceTree = "<group>"; };
		1FD3C9502C00D1B300B9135E /* MainTabBarCoordinator.swift */ = {isa = PBXFileReference; lastKnownFileType = sourcecode.swift; path = MainTabBarCoordinator.swift; sourceTree = "<group>"; };
		1FD3C9542C00F64C00B9135E /* CoordinatorView.swift */ = {isa = PBXFileReference; lastKnownFileType = sourcecode.swift; path = CoordinatorView.swift; sourceTree = "<group>"; };
		1FDB49DA2BFDBB6B00AE21B7 /* UIFont+Ext.swift */ = {isa = PBXFileReference; lastKnownFileType = sourcecode.swift; path = "UIFont+Ext.swift"; sourceTree = "<group>"; };
		1FE64BB62C0491010089A2B4 /* EventEmitter.swift */ = {isa = PBXFileReference; lastKnownFileType = sourcecode.swift; path = EventEmitter.swift; sourceTree = "<group>"; };
		1FE64BB82C04D03A0089A2B4 /* OnboardingNextView.swift */ = {isa = PBXFileReference; lastKnownFileType = sourcecode.swift; path = OnboardingNextView.swift; sourceTree = "<group>"; };
		1FE64BBA2C04D0440089A2B4 /* OnboardingLastView.swift */ = {isa = PBXFileReference; lastKnownFileType = sourcecode.swift; path = OnboardingLastView.swift; sourceTree = "<group>"; };
		1FE64BBC2C04D1660089A2B4 /* OnboardingButtonStyle.swift */ = {isa = PBXFileReference; lastKnownFileType = sourcecode.swift; path = OnboardingButtonStyle.swift; sourceTree = "<group>"; };
		1FE64BBE2C0502ED0089A2B4 /* ProfileNavigationCoordinator.swift */ = {isa = PBXFileReference; lastKnownFileType = sourcecode.swift; path = ProfileNavigationCoordinator.swift; sourceTree = "<group>"; };
		1FE64BC02C0503460089A2B4 /* ProfileView.swift */ = {isa = PBXFileReference; lastKnownFileType = sourcecode.swift; path = ProfileView.swift; sourceTree = "<group>"; };
		1FE64BC22C0506AD0089A2B4 /* CategoriesNavigationCoordinator.swift */ = {isa = PBXFileReference; lastKnownFileType = sourcecode.swift; path = CategoriesNavigationCoordinator.swift; sourceTree = "<group>"; };
		1FECA55C2C036B6E00CB12E2 /* NavigationControllerCoordinator.swift */ = {isa = PBXFileReference; lastKnownFileType = sourcecode.swift; path = NavigationControllerCoordinator.swift; sourceTree = "<group>"; };
		1FECA55E2C036B9B00CB12E2 /* TabBarControllerCoordinator.swift */ = {isa = PBXFileReference; lastKnownFileType = sourcecode.swift; path = TabBarControllerCoordinator.swift; sourceTree = "<group>"; };
		1FECA5652C038A8400CB12E2 /* OnboardingView.swift */ = {isa = PBXFileReference; lastKnownFileType = sourcecode.swift; path = OnboardingView.swift; sourceTree = "<group>"; };
		1FECA5672C038B1D00CB12E2 /* Action.swift */ = {isa = PBXFileReference; lastKnownFileType = sourcecode.swift; path = Action.swift; sourceTree = "<group>"; };
		1FECA5692C038C1F00CB12E2 /* OnboardingNavigationCoordinator.swift */ = {isa = PBXFileReference; lastKnownFileType = sourcecode.swift; path = OnboardingNavigationCoordinator.swift; sourceTree = "<group>"; };
		1FECA56B2C038C4E00CB12E2 /* SwipingNavigationCoordinator.swift */ = {isa = PBXFileReference; lastKnownFileType = sourcecode.swift; path = SwipingNavigationCoordinator.swift; sourceTree = "<group>"; };
		1FEF4A1B2BF6883C00FBA218 /* BorderedModifier.swift */ = {isa = PBXFileReference; lastKnownFileType = sourcecode.swift; path = BorderedModifier.swift; sourceTree = "<group>"; };
		1FEF4A1D2BF6887900FBA218 /* Image+ResizableBordered.swift */ = {isa = PBXFileReference; lastKnownFileType = sourcecode.swift; path = "Image+ResizableBordered.swift"; sourceTree = "<group>"; };
		1FEF4A1F2BF688AB00FBA218 /* SelectableButtonStyle.swift */ = {isa = PBXFileReference; lastKnownFileType = sourcecode.swift; path = SelectableButtonStyle.swift; sourceTree = "<group>"; };
		1FF3DEEA2BED0170008817F4 /* GoogleService-Info.plist */ = {isa = PBXFileReference; fileEncoding = 4; lastKnownFileType = text.plist.xml; path = "GoogleService-Info.plist"; sourceTree = "<group>"; };
/* End PBXFileReference section */

/* Begin PBXFrameworksBuildPhase section */
		1FD1A4122BF3B92B000E73FC /* Frameworks */ = {
			isa = PBXFrameworksBuildPhase;
			buildActionMask = 2147483647;
			files = (
			);
			runOnlyForDeploymentPostprocessing = 0;
		};
		1FD32B4E2BDACCE1006472B3 /* Frameworks */ = {
			isa = PBXFrameworksBuildPhase;
			buildActionMask = 2147483647;
			files = (
				1FBDCB382BEC0C7400F14095 /* (null) in Frameworks */,
				1FC7EC2E2BEE319D007BCDC4 /* FirebaseAuth in Frameworks */,
				1FBDCB342BEC0C7400F14095 /* (null) in Frameworks */,
				1FBDCB362BEC0C7400F14095 /* (null) in Frameworks */,
				1FBDCB3A2BEC0C7400F14095 /* (null) in Frameworks */,
				1FC7EC302BEE319D007BCDC4 /* FirebaseFirestore in Frameworks */,
				1FC7EC322BEE319D007BCDC4 /* FirebaseFirestoreCombine-Community in Frameworks */,
				1FC7EC342BEE319D007BCDC4 /* FirebaseFirestoreSwift in Frameworks */,
			);
			runOnlyForDeploymentPostprocessing = 0;
		};
/* End PBXFrameworksBuildPhase section */

/* Begin PBXGroup section */
		1F002E552C01C3C4007B44E0 /* Extensions */ = {
			isa = PBXGroup;
			children = (
				1FDB49DA2BFDBB6B00AE21B7 /* UIFont+Ext.swift */,
				1F002E562C01C3EA007B44E0 /* UINavigationController+Ext.swift */,
			);
			path = Extensions;
			sourceTree = "<group>";
		};
		1F002E582C01C45D007B44E0 /* Design System */ = {
			isa = PBXGroup;
			children = (
				1F002E5B2C01C4EB007B44E0 /* FontSize.swift */,
				1F002E592C01C491007B44E0 /* FontType.swift */,
				1FB653592BF7C19800923AD7 /* TextType.swift */,
				1FB653512BF78F3A00923AD7 /* UIConstants.swift */,
			);
			path = "Design System";
			sourceTree = "<group>";
		};
		1F0C19732BFCCAE500F720BE /* Animations */ = {
			isa = PBXGroup;
			children = (
				1F0C19742BFCCAF200F720BE /* FlipEffect.swift */,
			);
			path = Animations;
			sourceTree = "<group>";
		};
		1F1CC4DB2BEEA68200037CE0 /* Views */ = {
			isa = PBXGroup;
			children = (
				1F1CC4DF2BEEA71400037CE0 /* UIKit */,
				1F1CC4DE2BEEA70D00037CE0 /* SwiftUI */,
			);
			path = Views;
			sourceTree = "<group>";
		};
		1F1CC4DC2BEEA69E00037CE0 /* Fonts */ = {
			isa = PBXGroup;
			children = (
				1FC7EC382BEE3B22007BCDC4 /* Poppins-Bold.ttf */,
				1FC7EC3A2BEE3B22007BCDC4 /* Poppins-MediumItalic.ttf */,
				1FC7EC392BEE3B22007BCDC4 /* Poppins-Regular.ttf */,
			);
			path = Fonts;
			sourceTree = "<group>";
		};
		1F1CC4DD2BEEA6E000037CE0 /* Resources */ = {
			isa = PBXGroup;
			children = (
				1F1CC4E32BEEA84B00037CE0 /* Colors.xcassets */,
				1F1CC4DC2BEEA69E00037CE0 /* Fonts */,
				1FD32B582BDACCE3006472B3 /* Images.xcassets */,
			);
			path = Resources;
			sourceTree = "<group>";
		};
		1F1CC4DE2BEEA70D00037CE0 /* SwiftUI */ = {
			isa = PBXGroup;
			children = (
				1FB653572BF7C05700923AD7 /* ScratchView.swift */,
				1FB653552BF7BD1A00923AD7 /* SwipingCard.swift */,
				1FB653532BF7BCBB00923AD7 /* SwipingView.swift */,
				1FECA5652C038A8400CB12E2 /* OnboardingView.swift */,
				1FE64BB82C04D03A0089A2B4 /* OnboardingNextView.swift */,
				1FE64BBA2C04D0440089A2B4 /* OnboardingLastView.swift */,
				1FE64BC02C0503460089A2B4 /* ProfileView.swift */,
			);
			path = SwiftUI;
			sourceTree = "<group>";
		};
		1F1CC4DF2BEEA71400037CE0 /* UIKit */ = {
			isa = PBXGroup;
			children = (
				1F65879F2BF154B70006025B /* UICollectionViewCells */,
				1F1CC4EA2BEEA96C00037CE0 /* HomeViewController.swift */,
				1F1CC4EB2BEEA96C00037CE0 /* HomeViewController.xib */,
				1F002E5D2C02056C007B44E0 /* CustomNavigationController.swift */,
			);
			path = UIKit;
			sourceTree = "<group>";
		};
		1F1CC4E02BEEA74500037CE0 /* DataAPI */ = {
			isa = PBXGroup;
			children = (
				1F1CC4E12BEEA76700037CE0 /* MockDataProvider.swift */,
			);
			path = DataAPI;
			sourceTree = "<group>";
		};
		1F1CC4E52BEEA8DA00037CE0 /* Common */ = {
			isa = PBXGroup;
			children = (
				1FECA5642C036E1900CB12E2 /* Extensions */,
				1FECA5632C036E0F00CB12E2 /* Protocols */,
				1FECA5622C036E0A00CB12E2 /* Types */,
			);
			path = Common;
			sourceTree = "<group>";
		};
		1F65879F2BF154B70006025B /* UICollectionViewCells */ = {
			isa = PBXGroup;
			children = (
				1F6587A02BF154EE0006025B /* LabelCollectionViewCell.swift */,
				1FD2A47E2BF26FEF005D6D7F /* HorizontalScrollingImageCell.swift */,
			);
			path = UICollectionViewCells;
			sourceTree = "<group>";
		};
		1FD32B482BDACCE1006472B3 = {
			isa = PBXGroup;
			children = (
				1FF3DEE52BECF8A8008817F4 /* Configurations */,
				1FD32B532BDACCE1006472B3 /* CourseApp */,
				1FD32B522BDACCE1006472B3 /* Products */,
			);
			sourceTree = "<group>";
		};
		1FD32B522BDACCE1006472B3 /* Products */ = {
			isa = PBXGroup;
			children = (
				1FD32B512BDACCE1006472B3 /* CourseApp Dev.app */,
			);
			name = Products;
			sourceTree = "<group>";
		};
		1FD32B532BDACCE1006472B3 /* CourseApp */ = {
			isa = PBXGroup;
			children = (
				1FECA5612C036DC300CB12E2 /* App */,
				1FC7EC362BEE35AE007BCDC4 /* BuildConfiguration.swift */,
				1FD32B542BDACCE1006472B3 /* CourseAppApp.swift */,
				1FF3DEEA2BED0170008817F4 /* GoogleService-Info.plist */,
				1FC7EC352BEE333E007BCDC4 /* Info.plist */,
				1F1CC4E52BEEA8DA00037CE0 /* Common */,
				1F1CC4E02BEEA74500037CE0 /* DataAPI */,
				1FD32B5A2BDACCE3006472B3 /* Preview Content */,
				1FEF4A182BF687BA00FBA218 /* SharedUI */,
				1F1CC4DB2BEEA68200037CE0 /* Views */,
			);
			path = CourseApp;
			sourceTree = "<group>";
		};
		1FD32B5A2BDACCE3006472B3 /* Preview Content */ = {
			isa = PBXGroup;
			children = (
				1FD32B5B2BDACCE3006472B3 /* Preview Assets.xcassets */,
			);
			path = "Preview Content";
			sourceTree = "<group>";
		};
		1FD3C94B2C00CD2B00B9135E /* Navigation */ = {
			isa = PBXGroup;
			children = (
				1FD3C94C2C00CD4A00B9135E /* Coordinator.swift */,
				1FD3C94E2C00CF8C00B9135E /* ViewControllerCoordinator.swift */,
				1FECA55E2C036B9B00CB12E2 /* TabBarControllerCoordinator.swift */,
				1FECA55C2C036B6E00CB12E2 /* NavigationControllerCoordinator.swift */,
				1FD3C9502C00D1B300B9135E /* MainTabBarCoordinator.swift */,
				1FD3C9542C00F64C00B9135E /* CoordinatorView.swift */,
				1FECA5692C038C1F00CB12E2 /* OnboardingNavigationCoordinator.swift */,
				1FECA56B2C038C4E00CB12E2 /* SwipingNavigationCoordinator.swift */,
				1FE64BBE2C0502ED0089A2B4 /* ProfileNavigationCoordinator.swift */,
				1FE64BC22C0506AD0089A2B4 /* CategoriesNavigationCoordinator.swift */,
				1F002E612C025DD9007B44E0 /* AppCoordinator.swift */,
				1FE64BB62C0491010089A2B4 /* EventEmitter.swift */,
			);
			path = Navigation;
			sourceTree = "<group>";
		};
		1FECA5612C036DC300CB12E2 /* App */ = {
			isa = PBXGroup;
			children = (
				1FD3C94B2C00CD2B00B9135E /* Navigation */,
				1F1CC4DD2BEEA6E000037CE0 /* Resources */,
			);
			path = App;
			sourceTree = "<group>";
		};
		1FECA5622C036E0A00CB12E2 /* Types */ = {
			isa = PBXGroup;
			children = (
				1FECA5672C038B1D00CB12E2 /* Action.swift */,
			);
			path = Types;
			sourceTree = "<group>";
		};
		1FECA5632C036E0F00CB12E2 /* Protocols */ = {
			isa = PBXGroup;
			children = (
				1F1CC4E62BEEA8F000037CE0 /* ReusableIdentifier.swift */,
			);
			path = Protocols;
			sourceTree = "<group>";
		};
		1FECA5642C036E1900CB12E2 /* Extensions */ = {
			isa = PBXGroup;
			children = (
				1F1CC4E82BEEA91200037CE0 /* UICollectionView+ReusableIdenfifier.swift */,
			);
			path = Extensions;
			sourceTree = "<group>";
		};
		1FEF4A182BF687BA00FBA218 /* SharedUI */ = {
			isa = PBXGroup;
			children = (
				1F0C19732BFCCAE500F720BE /* Animations */,
				1F002E582C01C45D007B44E0 /* Design System */,
				1F002E552C01C3C4007B44E0 /* Extensions */,
				1FEF4A192BF687C500FBA218 /* Styles */,
				1FEF4A1A2BF687CC00FBA218 /* ViewModifiers */,
			);
			path = SharedUI;
			sourceTree = "<group>";
		};
		1FEF4A192BF687C500FBA218 /* Styles */ = {
			isa = PBXGroup;
			children = (
				1FEF4A1F2BF688AB00FBA218 /* SelectableButtonStyle.swift */,
				1FE64BBC2C04D1660089A2B4 /* OnboardingButtonStyle.swift */,
			);
			path = Styles;
			sourceTree = "<group>";
		};
		1FEF4A1A2BF687CC00FBA218 /* ViewModifiers */ = {
			isa = PBXGroup;
			children = (
				1FEF4A1B2BF6883C00FBA218 /* BorderedModifier.swift */,
				1FEF4A1D2BF6887900FBA218 /* Image+ResizableBordered.swift */,
				1FD3C9492C00C74400B9135E /* EmbedInScrollView.swift */,
				1F002E5F2C0205BA007B44E0 /* TextTypeModifier.swift */,
			);
			path = ViewModifiers;
			sourceTree = "<group>";
		};
		1FF3DEE52BECF8A8008817F4 /* Configurations */ = {
			isa = PBXGroup;
			children = (
				1FBDCB2C2BEB64FB00F14095 /* Development.xcconfig */,
				1FBDCB2D2BEB651000F14095 /* Production.xcconfig */,
			);
			path = Configurations;
			sourceTree = "<group>";
		};
/* End PBXGroup section */

/* Begin PBXNativeTarget section */
		1FD1A4142BF3B92B000E73FC /* CourseAppTests */ = {
			isa = PBXNativeTarget;
			buildConfigurationList = 1FD1A4192BF3B92B000E73FC /* Build configuration list for PBXNativeTarget "CourseAppTests" */;
			buildPhases = (
				1FD1A4112BF3B92B000E73FC /* Sources */,
				1FD1A4122BF3B92B000E73FC /* Frameworks */,
				1FD1A4132BF3B92B000E73FC /* Resources */,
			);
			buildRules = (
			);
			dependencies = (
			);
			name = CourseAppTests;
			productName = CourseAppTests;
			productType = "com.apple.product-type.bundle.unit-test";
		};
		1FD32B502BDACCE1006472B3 /* CourseApp */ = {
			isa = PBXNativeTarget;
			buildConfigurationList = 1FD32B5F2BDACCE3006472B3 /* Build configuration list for PBXNativeTarget "CourseApp" */;
			buildPhases = (
				1FD32B4D2BDACCE1006472B3 /* Sources */,
				1FD32B4E2BDACCE1006472B3 /* Frameworks */,
				1FD32B4F2BDACCE1006472B3 /* Resources */,
			);
			buildRules = (
			);
			dependencies = (
				1FBDCB302BEB6A3500F14095 /* PBXTargetDependency */,
			);
			name = CourseApp;
			packageProductDependencies = (
				1FC7EC2D2BEE319D007BCDC4 /* FirebaseAuth */,
				1FC7EC2F2BEE319D007BCDC4 /* FirebaseFirestore */,
				1FC7EC312BEE319D007BCDC4 /* FirebaseFirestoreCombine-Community */,
				1FC7EC332BEE319D007BCDC4 /* FirebaseFirestoreSwift */,
			);
			productName = CourseApp;
			productReference = 1FD32B512BDACCE1006472B3 /* CourseApp Dev.app */;
			productType = "com.apple.product-type.application";
		};
/* End PBXNativeTarget section */

/* Begin PBXProject section */
		1FD32B492BDACCE1006472B3 /* Project object */ = {
			isa = PBXProject;
			attributes = {
				BuildIndependentTargetsInParallel = 1;
				LastSwiftUpdateCheck = 1530;
				LastUpgradeCheck = 1540;
				TargetAttributes = {
					1FD1A4142BF3B92B000E73FC = {
						CreatedOnToolsVersion = 15.3;
					};
					1FD32B502BDACCE1006472B3 = {
						CreatedOnToolsVersion = 15.3;
					};
				};
			};
			buildConfigurationList = 1FD32B4C2BDACCE1006472B3 /* Build configuration list for PBXProject "CourseApp" */;
			compatibilityVersion = "Xcode 14.0";
			developmentRegion = en;
			hasScannedForEncodings = 0;
			knownRegions = (
				en,
				Base,
			);
			mainGroup = 1FD32B482BDACCE1006472B3;
			packageReferences = (
				1FBDCB2E2BEB6A0300F14095 /* XCRemoteSwiftPackageReference "SwiftLint" */,
				1FC7EC2C2BEE319D007BCDC4 /* XCRemoteSwiftPackageReference "firebase-ios-sdk" */,
			);
			productRefGroup = 1FD32B522BDACCE1006472B3 /* Products */;
			projectDirPath = "";
			projectRoot = "";
			targets = (
				1FD32B502BDACCE1006472B3 /* CourseApp */,
				1FD1A4142BF3B92B000E73FC /* CourseAppTests */,
			);
		};
/* End PBXProject section */

/* Begin PBXResourcesBuildPhase section */
		1FD1A4132BF3B92B000E73FC /* Resources */ = {
			isa = PBXResourcesBuildPhase;
			buildActionMask = 2147483647;
			files = (
			);
			runOnlyForDeploymentPostprocessing = 0;
		};
		1FD32B4F2BDACCE1006472B3 /* Resources */ = {
			isa = PBXResourcesBuildPhase;
			buildActionMask = 2147483647;
			files = (
				1FD32B5C2BDACCE3006472B3 /* Preview Assets.xcassets in Resources */,
				1FD32B592BDACCE3006472B3 /* Images.xcassets in Resources */,
				1FF3DEEB2BED0170008817F4 /* GoogleService-Info.plist in Resources */,
				1F1CC4DA2BEE78B200037CE0 /* Poppins-Regular.ttf in Resources */,
				1F1CC4D82BEE78AC00037CE0 /* Poppins-Bold.ttf in Resources */,
				1F1CC4D92BEE78AF00037CE0 /* Poppins-MediumItalic.ttf in Resources */,
				1F1CC4E42BEEA84B00037CE0 /* Colors.xcassets in Resources */,
				1F1CC4EC2BEEA96C00037CE0 /* HomeViewController.xib in Resources */,
			);
			runOnlyForDeploymentPostprocessing = 0;
		};
/* End PBXResourcesBuildPhase section */

/* Begin PBXSourcesBuildPhase section */
		1FD1A4112BF3B92B000E73FC /* Sources */ = {
			isa = PBXSourcesBuildPhase;
			buildActionMask = 2147483647;
			files = (
				1FD1A4182BF3B92B000E73FC /* (null) in Sources */,
			);
			runOnlyForDeploymentPostprocessing = 0;
		};
		1FD32B4D2BDACCE1006472B3 /* Sources */ = {
			isa = PBXSourcesBuildPhase;
			buildActionMask = 2147483647;
			files = (
				1FDB49DB2BFDBB6B00AE21B7 /* UIFont+Ext.swift in Sources */,
				1FECA56A2C038C1F00CB12E2 /* OnboardingNavigationCoordinator.swift in Sources */,
				1FECA5682C038B1D00CB12E2 /* Action.swift in Sources */,
				1F1CC4E22BEEA76700037CE0 /* MockDataProvider.swift in Sources */,
				1F002E572C01C3EA007B44E0 /* UINavigationController+Ext.swift in Sources */,
				1FC7EC372BEE35AE007BCDC4 /* BuildConfiguration.swift in Sources */,
				1F002E5C2C01C4EB007B44E0 /* FontSize.swift in Sources */,
				1F002E5E2C02056C007B44E0 /* CustomNavigationController.swift in Sources */,
				1FE64BBF2C0502ED0089A2B4 /* ProfileNavigationCoordinator.swift in Sources */,
				1FEF4A1E2BF6887900FBA218 /* Image+ResizableBordered.swift in Sources */,
				1FD32B552BDACCE1006472B3 /* CourseAppApp.swift in Sources */,
				1F1CC4E92BEEA91200037CE0 /* UICollectionView+ReusableIdenfifier.swift in Sources */,
				1FB653562BF7BD1A00923AD7 /* SwipingCard.swift in Sources */,
				1FE64BC12C0503460089A2B4 /* ProfileView.swift in Sources */,
				1FD3C9552C00F64C00B9135E /* CoordinatorView.swift in Sources */,
				1FE64BB92C04D03A0089A2B4 /* OnboardingNextView.swift in Sources */,
				1FD2A47F2BF26FEF005D6D7F /* HorizontalScrollingImageCell.swift in Sources */,
				1FD3C9512C00D1B300B9135E /* MainTabBarCoordinator.swift in Sources */,
				1FEF4A202BF688AB00FBA218 /* SelectableButtonStyle.swift in Sources */,
				1FECA5662C038A8400CB12E2 /* OnboardingView.swift in Sources */,
				1FE64BC32C0506AD0089A2B4 /* CategoriesNavigationCoordinator.swift in Sources */,
				1FB653522BF78F3A00923AD7 /* UIConstants.swift in Sources */,
				1F1CC4ED2BEEA96C00037CE0 /* HomeViewController.swift in Sources */,
				1FD3C94F2C00CF8C00B9135E /* ViewControllerCoordinator.swift in Sources */,
				1FB653582BF7C05700923AD7 /* ScratchView.swift in Sources */,
				1F002E622C025DD9007B44E0 /* AppCoordinator.swift in Sources */,
				1F1CC4E72BEEA8F000037CE0 /* ReusableIdentifier.swift in Sources */,
				1FECA56C2C038C4E00CB12E2 /* SwipingNavigationCoordinator.swift in Sources */,
				1FE64BBD2C04D1660089A2B4 /* OnboardingButtonStyle.swift in Sources */,
				1FE64BBB2C04D0440089A2B4 /* OnboardingLastView.swift in Sources */,
				1F002E602C0205BA007B44E0 /* TextTypeModifier.swift in Sources */,
				1FE64BB72C0491010089A2B4 /* EventEmitter.swift in Sources */,
				1FB653542BF7BCBC00923AD7 /* SwipingView.swift in Sources */,
				1FD3C94A2C00C74400B9135E /* EmbedInScrollView.swift in Sources */,
				1FD3C94D2C00CD4A00B9135E /* Coordinator.swift in Sources */,
				1F002E5A2C01C491007B44E0 /* FontType.swift in Sources */,
				1FECA55D2C036B6E00CB12E2 /* NavigationControllerCoordinator.swift in Sources */,
				1FECA55F2C036B9B00CB12E2 /* TabBarControllerCoordinator.swift in Sources */,
				1FEF4A1C2BF6883C00FBA218 /* BorderedModifier.swift in Sources */,
				1FB6535A2BF7C19900923AD7 /* TextType.swift in Sources */,
				1F6587A12BF154EE0006025B /* LabelCollectionViewCell.swift in Sources */,
				1F0C19752BFCCAF200F720BE /* FlipEffect.swift in Sources */,
			);
			runOnlyForDeploymentPostprocessing = 0;
		};
/* End PBXSourcesBuildPhase section */

/* Begin PBXTargetDependency section */
		1FBDCB302BEB6A3500F14095 /* PBXTargetDependency */ = {
			isa = PBXTargetDependency;
			productRef = 1FBDCB2F2BEB6A3500F14095 /* SwiftLintPlugin */;
		};
/* End PBXTargetDependency section */

/* Begin XCBuildConfiguration section */
		1FD1A41A2BF3B92B000E73FC /* Development - Debug */ = {
			isa = XCBuildConfiguration;
			buildSettings = {
				ALWAYS_SEARCH_USER_PATHS = NO;
				ASSETCATALOG_COMPILER_GENERATE_SWIFT_ASSET_SYMBOL_EXTENSIONS = YES;
				CLANG_ANALYZER_NONNULL = YES;
				CLANG_ANALYZER_NUMBER_OBJECT_CONVERSION = YES_AGGRESSIVE;
				CLANG_CXX_LANGUAGE_STANDARD = "gnu++20";
				CLANG_ENABLE_MODULES = YES;
				CLANG_ENABLE_OBJC_ARC = YES;
				CLANG_ENABLE_OBJC_WEAK = YES;
				CLANG_WARN_BLOCK_CAPTURE_AUTORELEASING = YES;
				CLANG_WARN_BOOL_CONVERSION = YES;
				CLANG_WARN_COMMA = YES;
				CLANG_WARN_CONSTANT_CONVERSION = YES;
				CLANG_WARN_DEPRECATED_OBJC_IMPLEMENTATIONS = YES;
				CLANG_WARN_DIRECT_OBJC_ISA_USAGE = YES_ERROR;
				CLANG_WARN_DOCUMENTATION_COMMENTS = YES;
				CLANG_WARN_EMPTY_BODY = YES;
				CLANG_WARN_ENUM_CONVERSION = YES;
				CLANG_WARN_INFINITE_RECURSION = YES;
				CLANG_WARN_INT_CONVERSION = YES;
				CLANG_WARN_NON_LITERAL_NULL_CONVERSION = YES;
				CLANG_WARN_OBJC_IMPLICIT_RETAIN_SELF = YES;
				CLANG_WARN_OBJC_LITERAL_CONVERSION = YES;
				CLANG_WARN_OBJC_ROOT_CLASS = YES_ERROR;
				CLANG_WARN_QUOTED_INCLUDE_IN_FRAMEWORK_HEADER = YES;
				CLANG_WARN_RANGE_LOOP_ANALYSIS = YES;
				CLANG_WARN_STRICT_PROTOTYPES = YES;
				CLANG_WARN_SUSPICIOUS_MOVE = YES;
				CLANG_WARN_UNGUARDED_AVAILABILITY = YES_AGGRESSIVE;
				CLANG_WARN_UNREACHABLE_CODE = YES;
				CLANG_WARN__DUPLICATE_METHOD_MATCH = YES;
				CODE_SIGN_STYLE = Automatic;
				COPY_PHASE_STRIP = NO;
				CURRENT_PROJECT_VERSION = 1;
				DEAD_CODE_STRIPPING = YES;
				DEBUG_INFORMATION_FORMAT = dwarf;
				DEVELOPMENT_TEAM = P3K32DW2KW;
				ENABLE_STRICT_OBJC_MSGSEND = YES;
				ENABLE_TESTABILITY = YES;
				ENABLE_USER_SCRIPT_SANDBOXING = YES;
				GCC_C_LANGUAGE_STANDARD = gnu17;
				GCC_DYNAMIC_NO_PIC = NO;
				GCC_NO_COMMON_BLOCKS = YES;
				GCC_OPTIMIZATION_LEVEL = 0;
				GCC_PREPROCESSOR_DEFINITIONS = (
					"DEBUG=1",
					"$(inherited)",
				);
				GCC_WARN_64_TO_32_BIT_CONVERSION = YES;
				GCC_WARN_ABOUT_RETURN_TYPE = YES_ERROR;
				GCC_WARN_UNDECLARED_SELECTOR = YES;
				GCC_WARN_UNINITIALIZED_AUTOS = YES_AGGRESSIVE;
				GCC_WARN_UNUSED_FUNCTION = YES;
				GCC_WARN_UNUSED_VARIABLE = YES;
				GENERATE_INFOPLIST_FILE = YES;
				LOCALIZATION_PREFERS_STRING_CATALOGS = YES;
				MACOSX_DEPLOYMENT_TARGET = 14.4;
				MARKETING_VERSION = 1.0;
				MTL_ENABLE_DEBUG_INFO = INCLUDE_SOURCE;
				MTL_FAST_MATH = YES;
				ONLY_ACTIVE_ARCH = YES;
				PRODUCT_BUNDLE_IDENTIFIER = com.marcel.CourseAppTests;
				PRODUCT_NAME = "$(TARGET_NAME)";
				SDKROOT = macosx;
				SWIFT_ACTIVE_COMPILATION_CONDITIONS = "DEBUG $(inherited)";
				SWIFT_EMIT_LOC_STRINGS = NO;
				SWIFT_OPTIMIZATION_LEVEL = "-Onone";
				SWIFT_VERSION = 5.0;
			};
			name = "Development - Debug";
		};
		1FD1A41B2BF3B92B000E73FC /* Production - Debug */ = {
			isa = XCBuildConfiguration;
			buildSettings = {
				ALWAYS_SEARCH_USER_PATHS = NO;
				ASSETCATALOG_COMPILER_GENERATE_SWIFT_ASSET_SYMBOL_EXTENSIONS = YES;
				CLANG_ANALYZER_NONNULL = YES;
				CLANG_ANALYZER_NUMBER_OBJECT_CONVERSION = YES_AGGRESSIVE;
				CLANG_CXX_LANGUAGE_STANDARD = "gnu++20";
				CLANG_ENABLE_MODULES = YES;
				CLANG_ENABLE_OBJC_ARC = YES;
				CLANG_ENABLE_OBJC_WEAK = YES;
				CLANG_WARN_BLOCK_CAPTURE_AUTORELEASING = YES;
				CLANG_WARN_BOOL_CONVERSION = YES;
				CLANG_WARN_COMMA = YES;
				CLANG_WARN_CONSTANT_CONVERSION = YES;
				CLANG_WARN_DEPRECATED_OBJC_IMPLEMENTATIONS = YES;
				CLANG_WARN_DIRECT_OBJC_ISA_USAGE = YES_ERROR;
				CLANG_WARN_DOCUMENTATION_COMMENTS = YES;
				CLANG_WARN_EMPTY_BODY = YES;
				CLANG_WARN_ENUM_CONVERSION = YES;
				CLANG_WARN_INFINITE_RECURSION = YES;
				CLANG_WARN_INT_CONVERSION = YES;
				CLANG_WARN_NON_LITERAL_NULL_CONVERSION = YES;
				CLANG_WARN_OBJC_IMPLICIT_RETAIN_SELF = YES;
				CLANG_WARN_OBJC_LITERAL_CONVERSION = YES;
				CLANG_WARN_OBJC_ROOT_CLASS = YES_ERROR;
				CLANG_WARN_QUOTED_INCLUDE_IN_FRAMEWORK_HEADER = YES;
				CLANG_WARN_RANGE_LOOP_ANALYSIS = YES;
				CLANG_WARN_STRICT_PROTOTYPES = YES;
				CLANG_WARN_SUSPICIOUS_MOVE = YES;
				CLANG_WARN_UNGUARDED_AVAILABILITY = YES_AGGRESSIVE;
				CLANG_WARN_UNREACHABLE_CODE = YES;
				CLANG_WARN__DUPLICATE_METHOD_MATCH = YES;
				CODE_SIGN_STYLE = Automatic;
				COPY_PHASE_STRIP = NO;
				CURRENT_PROJECT_VERSION = 1;
				DEAD_CODE_STRIPPING = YES;
				DEBUG_INFORMATION_FORMAT = "dwarf-with-dsym";
				DEVELOPMENT_TEAM = P3K32DW2KW;
				ENABLE_NS_ASSERTIONS = NO;
				ENABLE_STRICT_OBJC_MSGSEND = YES;
				ENABLE_USER_SCRIPT_SANDBOXING = YES;
				GCC_C_LANGUAGE_STANDARD = gnu17;
				GCC_NO_COMMON_BLOCKS = YES;
				GCC_WARN_64_TO_32_BIT_CONVERSION = YES;
				GCC_WARN_ABOUT_RETURN_TYPE = YES_ERROR;
				GCC_WARN_UNDECLARED_SELECTOR = YES;
				GCC_WARN_UNINITIALIZED_AUTOS = YES_AGGRESSIVE;
				GCC_WARN_UNUSED_FUNCTION = YES;
				GCC_WARN_UNUSED_VARIABLE = YES;
				GENERATE_INFOPLIST_FILE = YES;
				LOCALIZATION_PREFERS_STRING_CATALOGS = YES;
				MACOSX_DEPLOYMENT_TARGET = 14.4;
				MARKETING_VERSION = 1.0;
				MTL_ENABLE_DEBUG_INFO = NO;
				MTL_FAST_MATH = YES;
				PRODUCT_BUNDLE_IDENTIFIER = com.marcel.CourseAppTests;
				PRODUCT_NAME = "$(TARGET_NAME)";
				SDKROOT = macosx;
				SWIFT_COMPILATION_MODE = wholemodule;
				SWIFT_EMIT_LOC_STRINGS = NO;
				SWIFT_VERSION = 5.0;
			};
			name = "Production - Debug";
		};
		1FD1A41C2BF3B92B000E73FC /* Production - Release */ = {
			isa = XCBuildConfiguration;
			buildSettings = {
				ALWAYS_SEARCH_USER_PATHS = NO;
				ASSETCATALOG_COMPILER_GENERATE_SWIFT_ASSET_SYMBOL_EXTENSIONS = YES;
				CLANG_ANALYZER_NONNULL = YES;
				CLANG_ANALYZER_NUMBER_OBJECT_CONVERSION = YES_AGGRESSIVE;
				CLANG_CXX_LANGUAGE_STANDARD = "gnu++20";
				CLANG_ENABLE_MODULES = YES;
				CLANG_ENABLE_OBJC_ARC = YES;
				CLANG_ENABLE_OBJC_WEAK = YES;
				CLANG_WARN_BLOCK_CAPTURE_AUTORELEASING = YES;
				CLANG_WARN_BOOL_CONVERSION = YES;
				CLANG_WARN_COMMA = YES;
				CLANG_WARN_CONSTANT_CONVERSION = YES;
				CLANG_WARN_DEPRECATED_OBJC_IMPLEMENTATIONS = YES;
				CLANG_WARN_DIRECT_OBJC_ISA_USAGE = YES_ERROR;
				CLANG_WARN_DOCUMENTATION_COMMENTS = YES;
				CLANG_WARN_EMPTY_BODY = YES;
				CLANG_WARN_ENUM_CONVERSION = YES;
				CLANG_WARN_INFINITE_RECURSION = YES;
				CLANG_WARN_INT_CONVERSION = YES;
				CLANG_WARN_NON_LITERAL_NULL_CONVERSION = YES;
				CLANG_WARN_OBJC_IMPLICIT_RETAIN_SELF = YES;
				CLANG_WARN_OBJC_LITERAL_CONVERSION = YES;
				CLANG_WARN_OBJC_ROOT_CLASS = YES_ERROR;
				CLANG_WARN_QUOTED_INCLUDE_IN_FRAMEWORK_HEADER = YES;
				CLANG_WARN_RANGE_LOOP_ANALYSIS = YES;
				CLANG_WARN_STRICT_PROTOTYPES = YES;
				CLANG_WARN_SUSPICIOUS_MOVE = YES;
				CLANG_WARN_UNGUARDED_AVAILABILITY = YES_AGGRESSIVE;
				CLANG_WARN_UNREACHABLE_CODE = YES;
				CLANG_WARN__DUPLICATE_METHOD_MATCH = YES;
				CODE_SIGN_STYLE = Automatic;
				COPY_PHASE_STRIP = NO;
				CURRENT_PROJECT_VERSION = 1;
				DEAD_CODE_STRIPPING = YES;
				DEBUG_INFORMATION_FORMAT = "dwarf-with-dsym";
				DEVELOPMENT_TEAM = P3K32DW2KW;
				ENABLE_NS_ASSERTIONS = NO;
				ENABLE_STRICT_OBJC_MSGSEND = YES;
				ENABLE_USER_SCRIPT_SANDBOXING = YES;
				GCC_C_LANGUAGE_STANDARD = gnu17;
				GCC_NO_COMMON_BLOCKS = YES;
				GCC_WARN_64_TO_32_BIT_CONVERSION = YES;
				GCC_WARN_ABOUT_RETURN_TYPE = YES_ERROR;
				GCC_WARN_UNDECLARED_SELECTOR = YES;
				GCC_WARN_UNINITIALIZED_AUTOS = YES_AGGRESSIVE;
				GCC_WARN_UNUSED_FUNCTION = YES;
				GCC_WARN_UNUSED_VARIABLE = YES;
				GENERATE_INFOPLIST_FILE = YES;
				LOCALIZATION_PREFERS_STRING_CATALOGS = YES;
				MACOSX_DEPLOYMENT_TARGET = 14.4;
				MARKETING_VERSION = 1.0;
				MTL_ENABLE_DEBUG_INFO = NO;
				MTL_FAST_MATH = YES;
				PRODUCT_BUNDLE_IDENTIFIER = com.marcel.CourseAppTests;
				PRODUCT_NAME = "$(TARGET_NAME)";
				SDKROOT = macosx;
				SWIFT_COMPILATION_MODE = wholemodule;
				SWIFT_EMIT_LOC_STRINGS = NO;
				SWIFT_VERSION = 5.0;
			};
			name = "Production - Release";
		};
		1FD1A41D2BF3B92B000E73FC /* Development - Release */ = {
			isa = XCBuildConfiguration;
			buildSettings = {
				ALWAYS_SEARCH_USER_PATHS = NO;
				ASSETCATALOG_COMPILER_GENERATE_SWIFT_ASSET_SYMBOL_EXTENSIONS = YES;
				CLANG_ANALYZER_NONNULL = YES;
				CLANG_ANALYZER_NUMBER_OBJECT_CONVERSION = YES_AGGRESSIVE;
				CLANG_CXX_LANGUAGE_STANDARD = "gnu++20";
				CLANG_ENABLE_MODULES = YES;
				CLANG_ENABLE_OBJC_ARC = YES;
				CLANG_ENABLE_OBJC_WEAK = YES;
				CLANG_WARN_BLOCK_CAPTURE_AUTORELEASING = YES;
				CLANG_WARN_BOOL_CONVERSION = YES;
				CLANG_WARN_COMMA = YES;
				CLANG_WARN_CONSTANT_CONVERSION = YES;
				CLANG_WARN_DEPRECATED_OBJC_IMPLEMENTATIONS = YES;
				CLANG_WARN_DIRECT_OBJC_ISA_USAGE = YES_ERROR;
				CLANG_WARN_DOCUMENTATION_COMMENTS = YES;
				CLANG_WARN_EMPTY_BODY = YES;
				CLANG_WARN_ENUM_CONVERSION = YES;
				CLANG_WARN_INFINITE_RECURSION = YES;
				CLANG_WARN_INT_CONVERSION = YES;
				CLANG_WARN_NON_LITERAL_NULL_CONVERSION = YES;
				CLANG_WARN_OBJC_IMPLICIT_RETAIN_SELF = YES;
				CLANG_WARN_OBJC_LITERAL_CONVERSION = YES;
				CLANG_WARN_OBJC_ROOT_CLASS = YES_ERROR;
				CLANG_WARN_QUOTED_INCLUDE_IN_FRAMEWORK_HEADER = YES;
				CLANG_WARN_RANGE_LOOP_ANALYSIS = YES;
				CLANG_WARN_STRICT_PROTOTYPES = YES;
				CLANG_WARN_SUSPICIOUS_MOVE = YES;
				CLANG_WARN_UNGUARDED_AVAILABILITY = YES_AGGRESSIVE;
				CLANG_WARN_UNREACHABLE_CODE = YES;
				CLANG_WARN__DUPLICATE_METHOD_MATCH = YES;
				CODE_SIGN_STYLE = Automatic;
				COPY_PHASE_STRIP = NO;
				CURRENT_PROJECT_VERSION = 1;
				DEAD_CODE_STRIPPING = YES;
				DEBUG_INFORMATION_FORMAT = dwarf;
				DEVELOPMENT_TEAM = P3K32DW2KW;
				ENABLE_STRICT_OBJC_MSGSEND = YES;
				ENABLE_TESTABILITY = YES;
				ENABLE_USER_SCRIPT_SANDBOXING = YES;
				GCC_C_LANGUAGE_STANDARD = gnu17;
				GCC_DYNAMIC_NO_PIC = NO;
				GCC_NO_COMMON_BLOCKS = YES;
				GCC_OPTIMIZATION_LEVEL = 0;
				GCC_PREPROCESSOR_DEFINITIONS = (
					"DEBUG=1",
					"$(inherited)",
				);
				GCC_WARN_64_TO_32_BIT_CONVERSION = YES;
				GCC_WARN_ABOUT_RETURN_TYPE = YES_ERROR;
				GCC_WARN_UNDECLARED_SELECTOR = YES;
				GCC_WARN_UNINITIALIZED_AUTOS = YES_AGGRESSIVE;
				GCC_WARN_UNUSED_FUNCTION = YES;
				GCC_WARN_UNUSED_VARIABLE = YES;
				GENERATE_INFOPLIST_FILE = YES;
				LOCALIZATION_PREFERS_STRING_CATALOGS = YES;
				MACOSX_DEPLOYMENT_TARGET = 14.4;
				MARKETING_VERSION = 1.0;
				MTL_ENABLE_DEBUG_INFO = INCLUDE_SOURCE;
				MTL_FAST_MATH = YES;
				ONLY_ACTIVE_ARCH = YES;
				PRODUCT_BUNDLE_IDENTIFIER = com.marcel.CourseAppTests;
				PRODUCT_NAME = "$(TARGET_NAME)";
				SDKROOT = macosx;
				SWIFT_ACTIVE_COMPILATION_CONDITIONS = "DEBUG $(inherited)";
				SWIFT_EMIT_LOC_STRINGS = NO;
				SWIFT_OPTIMIZATION_LEVEL = "-Onone";
				SWIFT_VERSION = 5.0;
			};
			name = "Development - Release";
		};
		1FD32B5D2BDACCE3006472B3 /* Development - Debug */ = {
			isa = XCBuildConfiguration;
			baseConfigurationReference = 1FBDCB2C2BEB64FB00F14095 /* Development.xcconfig */;
			buildSettings = {
				ALWAYS_SEARCH_USER_PATHS = NO;
				ASSETCATALOG_COMPILER_GENERATE_SWIFT_ASSET_SYMBOL_EXTENSIONS = YES;
				CLANG_ANALYZER_NONNULL = YES;
				CLANG_ANALYZER_NUMBER_OBJECT_CONVERSION = YES_AGGRESSIVE;
				CLANG_CXX_LANGUAGE_STANDARD = "gnu++20";
				CLANG_ENABLE_MODULES = YES;
				CLANG_ENABLE_OBJC_ARC = YES;
				CLANG_ENABLE_OBJC_WEAK = YES;
				CLANG_WARN_BLOCK_CAPTURE_AUTORELEASING = YES;
				CLANG_WARN_BOOL_CONVERSION = YES;
				CLANG_WARN_COMMA = YES;
				CLANG_WARN_CONSTANT_CONVERSION = YES;
				CLANG_WARN_DEPRECATED_OBJC_IMPLEMENTATIONS = YES;
				CLANG_WARN_DIRECT_OBJC_ISA_USAGE = YES_ERROR;
				CLANG_WARN_DOCUMENTATION_COMMENTS = YES;
				CLANG_WARN_EMPTY_BODY = YES;
				CLANG_WARN_ENUM_CONVERSION = YES;
				CLANG_WARN_INFINITE_RECURSION = YES;
				CLANG_WARN_INT_CONVERSION = YES;
				CLANG_WARN_NON_LITERAL_NULL_CONVERSION = YES;
				CLANG_WARN_OBJC_IMPLICIT_RETAIN_SELF = YES;
				CLANG_WARN_OBJC_LITERAL_CONVERSION = YES;
				CLANG_WARN_OBJC_ROOT_CLASS = YES_ERROR;
				CLANG_WARN_QUOTED_INCLUDE_IN_FRAMEWORK_HEADER = YES;
				CLANG_WARN_RANGE_LOOP_ANALYSIS = YES;
				CLANG_WARN_STRICT_PROTOTYPES = YES;
				CLANG_WARN_SUSPICIOUS_MOVE = YES;
				CLANG_WARN_UNGUARDED_AVAILABILITY = YES_AGGRESSIVE;
				CLANG_WARN_UNREACHABLE_CODE = YES;
				CLANG_WARN__DUPLICATE_METHOD_MATCH = YES;
				COPY_PHASE_STRIP = NO;
				DEBUG_INFORMATION_FORMAT = dwarf;
				ENABLE_STRICT_OBJC_MSGSEND = YES;
				ENABLE_TESTABILITY = YES;
				ENABLE_USER_SCRIPT_SANDBOXING = YES;
				GCC_C_LANGUAGE_STANDARD = gnu17;
				GCC_DYNAMIC_NO_PIC = NO;
				GCC_NO_COMMON_BLOCKS = YES;
				GCC_OPTIMIZATION_LEVEL = 0;
				GCC_PREPROCESSOR_DEFINITIONS = (
					"DEBUG=1",
					"$(inherited)",
				);
				GCC_WARN_64_TO_32_BIT_CONVERSION = YES;
				GCC_WARN_ABOUT_RETURN_TYPE = YES_ERROR;
				GCC_WARN_UNDECLARED_SELECTOR = YES;
				GCC_WARN_UNINITIALIZED_AUTOS = YES_AGGRESSIVE;
				GCC_WARN_UNUSED_FUNCTION = YES;
				GCC_WARN_UNUSED_VARIABLE = YES;
				IPHONEOS_DEPLOYMENT_TARGET = 17.4;
				LOCALIZATION_PREFERS_STRING_CATALOGS = YES;
				MTL_ENABLE_DEBUG_INFO = INCLUDE_SOURCE;
				MTL_FAST_MATH = YES;
				ONLY_ACTIVE_ARCH = YES;
				SDKROOT = iphoneos;
				SWIFT_ACTIVE_COMPILATION_CONDITIONS = "DEBUG $(inherited)";
				SWIFT_OPTIMIZATION_LEVEL = "-Onone";
			};
			name = "Development - Debug";
		};
		1FD32B5E2BDACCE3006472B3 /* Development - Release */ = {
			isa = XCBuildConfiguration;
			baseConfigurationReference = 1FBDCB2C2BEB64FB00F14095 /* Development.xcconfig */;
			buildSettings = {
				ALWAYS_SEARCH_USER_PATHS = NO;
				ASSETCATALOG_COMPILER_GENERATE_SWIFT_ASSET_SYMBOL_EXTENSIONS = YES;
				CLANG_ANALYZER_NONNULL = YES;
				CLANG_ANALYZER_NUMBER_OBJECT_CONVERSION = YES_AGGRESSIVE;
				CLANG_CXX_LANGUAGE_STANDARD = "gnu++20";
				CLANG_ENABLE_MODULES = YES;
				CLANG_ENABLE_OBJC_ARC = YES;
				CLANG_ENABLE_OBJC_WEAK = YES;
				CLANG_WARN_BLOCK_CAPTURE_AUTORELEASING = YES;
				CLANG_WARN_BOOL_CONVERSION = YES;
				CLANG_WARN_COMMA = YES;
				CLANG_WARN_CONSTANT_CONVERSION = YES;
				CLANG_WARN_DEPRECATED_OBJC_IMPLEMENTATIONS = YES;
				CLANG_WARN_DIRECT_OBJC_ISA_USAGE = YES_ERROR;
				CLANG_WARN_DOCUMENTATION_COMMENTS = YES;
				CLANG_WARN_EMPTY_BODY = YES;
				CLANG_WARN_ENUM_CONVERSION = YES;
				CLANG_WARN_INFINITE_RECURSION = YES;
				CLANG_WARN_INT_CONVERSION = YES;
				CLANG_WARN_NON_LITERAL_NULL_CONVERSION = YES;
				CLANG_WARN_OBJC_IMPLICIT_RETAIN_SELF = YES;
				CLANG_WARN_OBJC_LITERAL_CONVERSION = YES;
				CLANG_WARN_OBJC_ROOT_CLASS = YES_ERROR;
				CLANG_WARN_QUOTED_INCLUDE_IN_FRAMEWORK_HEADER = YES;
				CLANG_WARN_RANGE_LOOP_ANALYSIS = YES;
				CLANG_WARN_STRICT_PROTOTYPES = YES;
				CLANG_WARN_SUSPICIOUS_MOVE = YES;
				CLANG_WARN_UNGUARDED_AVAILABILITY = YES_AGGRESSIVE;
				CLANG_WARN_UNREACHABLE_CODE = YES;
				CLANG_WARN__DUPLICATE_METHOD_MATCH = YES;
				COPY_PHASE_STRIP = NO;
				DEBUG_INFORMATION_FORMAT = "dwarf-with-dsym";
				ENABLE_NS_ASSERTIONS = NO;
				ENABLE_STRICT_OBJC_MSGSEND = YES;
				ENABLE_TESTABILITY = YES;
				ENABLE_USER_SCRIPT_SANDBOXING = YES;
				GCC_C_LANGUAGE_STANDARD = gnu17;
				GCC_NO_COMMON_BLOCKS = YES;
				GCC_WARN_64_TO_32_BIT_CONVERSION = YES;
				GCC_WARN_ABOUT_RETURN_TYPE = YES_ERROR;
				GCC_WARN_UNDECLARED_SELECTOR = YES;
				GCC_WARN_UNINITIALIZED_AUTOS = YES_AGGRESSIVE;
				GCC_WARN_UNUSED_FUNCTION = YES;
				GCC_WARN_UNUSED_VARIABLE = YES;
				IPHONEOS_DEPLOYMENT_TARGET = 17.4;
				LOCALIZATION_PREFERS_STRING_CATALOGS = YES;
				MTL_ENABLE_DEBUG_INFO = NO;
				MTL_FAST_MATH = YES;
				ONLY_ACTIVE_ARCH = YES;
				SDKROOT = iphoneos;
				SWIFT_COMPILATION_MODE = wholemodule;
				VALIDATE_PRODUCT = YES;
			};
			name = "Development - Release";
		};
		1FD32B602BDACCE3006472B3 /* Development - Debug */ = {
			isa = XCBuildConfiguration;
			buildSettings = {
				ASSETCATALOG_COMPILER_APPICON_NAME = AppIcon;
				ASSETCATALOG_COMPILER_GLOBAL_ACCENT_COLOR_NAME = AccentColor;
				CODE_SIGN_STYLE = Automatic;
				CURRENT_PROJECT_VERSION = 1;
				DEVELOPMENT_ASSET_PATHS = "\"CourseApp/Preview Content\"";
				DEVELOPMENT_TEAM = P3K32DW2KW;
				ENABLE_PREVIEWS = YES;
				ENABLE_USER_SCRIPT_SANDBOXING = NO;
				GENERATE_INFOPLIST_FILE = YES;
				INFOPLIST_FILE = CourseApp/Info.plist;
				INFOPLIST_KEY_CFBundleDisplayName = "$(APP_BUNDLE_NAME)";
				INFOPLIST_KEY_LSApplicationCategoryType = "";
				INFOPLIST_KEY_UIApplicationSceneManifest_Generation = YES;
				INFOPLIST_KEY_UIApplicationSupportsIndirectInputEvents = YES;
				INFOPLIST_KEY_UILaunchScreen_Generation = YES;
				INFOPLIST_KEY_UISupportedInterfaceOrientations = UIInterfaceOrientationPortrait;
				LD_RUNPATH_SEARCH_PATHS = (
					"$(inherited)",
					"@executable_path/Frameworks",
				);
				MARKETING_VERSION = 1.0;
				PRODUCT_BUNDLE_IDENTIFIER = $APP_BUNDLE_IDENTIFIER;
				PRODUCT_NAME = $APP_BUNDLE_NAME;
				SWIFT_EMIT_LOC_STRINGS = YES;
				SWIFT_VERSION = 5.0;
				TARGETED_DEVICE_FAMILY = "1,2";
			};
			name = "Development - Debug";
		};
		1FD32B612BDACCE3006472B3 /* Development - Release */ = {
			isa = XCBuildConfiguration;
			buildSettings = {
				ASSETCATALOG_COMPILER_APPICON_NAME = AppIcon;
				ASSETCATALOG_COMPILER_GLOBAL_ACCENT_COLOR_NAME = AccentColor;
				CODE_SIGN_STYLE = Automatic;
				CURRENT_PROJECT_VERSION = 1;
				DEVELOPMENT_ASSET_PATHS = "\"CourseApp/Preview Content\"";
				DEVELOPMENT_TEAM = P3K32DW2KW;
				ENABLE_PREVIEWS = YES;
				ENABLE_USER_SCRIPT_SANDBOXING = NO;
				GENERATE_INFOPLIST_FILE = YES;
				INFOPLIST_FILE = CourseApp/Info.plist;
				INFOPLIST_KEY_CFBundleDisplayName = "$(APP_BUNDLE_NAME)";
				INFOPLIST_KEY_LSApplicationCategoryType = "";
				INFOPLIST_KEY_UIApplicationSceneManifest_Generation = YES;
				INFOPLIST_KEY_UIApplicationSupportsIndirectInputEvents = YES;
				INFOPLIST_KEY_UILaunchScreen_Generation = YES;
				INFOPLIST_KEY_UISupportedInterfaceOrientations = UIInterfaceOrientationPortrait;
				LD_RUNPATH_SEARCH_PATHS = (
					"$(inherited)",
					"@executable_path/Frameworks",
				);
				MARKETING_VERSION = 1.0;
				PRODUCT_BUNDLE_IDENTIFIER = $APP_BUNDLE_IDENTIFIER;
				PRODUCT_NAME = $APP_BUNDLE_NAME;
				SWIFT_EMIT_LOC_STRINGS = YES;
				SWIFT_VERSION = 5.0;
				TARGETED_DEVICE_FAMILY = "1,2";
			};
			name = "Development - Release";
		};
		1FF3DEE62BECFAF0008817F4 /* Production - Debug */ = {
			isa = XCBuildConfiguration;
			baseConfigurationReference = 1FBDCB2D2BEB651000F14095 /* Production.xcconfig */;
			buildSettings = {
				ALWAYS_SEARCH_USER_PATHS = NO;
				ASSETCATALOG_COMPILER_GENERATE_SWIFT_ASSET_SYMBOL_EXTENSIONS = YES;
				CLANG_ANALYZER_NONNULL = YES;
				CLANG_ANALYZER_NUMBER_OBJECT_CONVERSION = YES_AGGRESSIVE;
				CLANG_CXX_LANGUAGE_STANDARD = "gnu++20";
				CLANG_ENABLE_MODULES = YES;
				CLANG_ENABLE_OBJC_ARC = YES;
				CLANG_ENABLE_OBJC_WEAK = YES;
				CLANG_WARN_BLOCK_CAPTURE_AUTORELEASING = YES;
				CLANG_WARN_BOOL_CONVERSION = YES;
				CLANG_WARN_COMMA = YES;
				CLANG_WARN_CONSTANT_CONVERSION = YES;
				CLANG_WARN_DEPRECATED_OBJC_IMPLEMENTATIONS = YES;
				CLANG_WARN_DIRECT_OBJC_ISA_USAGE = YES_ERROR;
				CLANG_WARN_DOCUMENTATION_COMMENTS = YES;
				CLANG_WARN_EMPTY_BODY = YES;
				CLANG_WARN_ENUM_CONVERSION = YES;
				CLANG_WARN_INFINITE_RECURSION = YES;
				CLANG_WARN_INT_CONVERSION = YES;
				CLANG_WARN_NON_LITERAL_NULL_CONVERSION = YES;
				CLANG_WARN_OBJC_IMPLICIT_RETAIN_SELF = YES;
				CLANG_WARN_OBJC_LITERAL_CONVERSION = YES;
				CLANG_WARN_OBJC_ROOT_CLASS = YES_ERROR;
				CLANG_WARN_QUOTED_INCLUDE_IN_FRAMEWORK_HEADER = YES;
				CLANG_WARN_RANGE_LOOP_ANALYSIS = YES;
				CLANG_WARN_STRICT_PROTOTYPES = YES;
				CLANG_WARN_SUSPICIOUS_MOVE = YES;
				CLANG_WARN_UNGUARDED_AVAILABILITY = YES_AGGRESSIVE;
				CLANG_WARN_UNREACHABLE_CODE = YES;
				CLANG_WARN__DUPLICATE_METHOD_MATCH = YES;
				COPY_PHASE_STRIP = NO;
				DEBUG_INFORMATION_FORMAT = dwarf;
				ENABLE_STRICT_OBJC_MSGSEND = YES;
				ENABLE_TESTABILITY = YES;
				ENABLE_USER_SCRIPT_SANDBOXING = YES;
				GCC_C_LANGUAGE_STANDARD = gnu17;
				GCC_DYNAMIC_NO_PIC = NO;
				GCC_NO_COMMON_BLOCKS = YES;
				GCC_OPTIMIZATION_LEVEL = 0;
				GCC_PREPROCESSOR_DEFINITIONS = (
					"DEBUG=1",
					"$(inherited)",
				);
				GCC_WARN_64_TO_32_BIT_CONVERSION = YES;
				GCC_WARN_ABOUT_RETURN_TYPE = YES_ERROR;
				GCC_WARN_UNDECLARED_SELECTOR = YES;
				GCC_WARN_UNINITIALIZED_AUTOS = YES_AGGRESSIVE;
				GCC_WARN_UNUSED_FUNCTION = YES;
				GCC_WARN_UNUSED_VARIABLE = YES;
				IPHONEOS_DEPLOYMENT_TARGET = 17.4;
				LOCALIZATION_PREFERS_STRING_CATALOGS = YES;
				MTL_ENABLE_DEBUG_INFO = INCLUDE_SOURCE;
				MTL_FAST_MATH = YES;
				ONLY_ACTIVE_ARCH = YES;
				SDKROOT = iphoneos;
				SWIFT_ACTIVE_COMPILATION_CONDITIONS = "DEBUG $(inherited)";
				SWIFT_OPTIMIZATION_LEVEL = "-Onone";
			};
			name = "Production - Debug";
		};
		1FF3DEE72BECFAF0008817F4 /* Production - Debug */ = {
			isa = XCBuildConfiguration;
			buildSettings = {
				ASSETCATALOG_COMPILER_APPICON_NAME = AppIcon;
				ASSETCATALOG_COMPILER_GLOBAL_ACCENT_COLOR_NAME = AccentColor;
				CODE_SIGN_STYLE = Automatic;
				CURRENT_PROJECT_VERSION = 1;
				DEVELOPMENT_ASSET_PATHS = "\"CourseApp/Preview Content\"";
				DEVELOPMENT_TEAM = P3K32DW2KW;
				ENABLE_PREVIEWS = YES;
				ENABLE_USER_SCRIPT_SANDBOXING = NO;
				GENERATE_INFOPLIST_FILE = YES;
				INFOPLIST_FILE = CourseApp/Info.plist;
				INFOPLIST_KEY_CFBundleDisplayName = "$(APP_BUNDLE_NAME)";
				INFOPLIST_KEY_LSApplicationCategoryType = "";
				INFOPLIST_KEY_UIApplicationSceneManifest_Generation = YES;
				INFOPLIST_KEY_UIApplicationSupportsIndirectInputEvents = YES;
				INFOPLIST_KEY_UILaunchScreen_Generation = YES;
				INFOPLIST_KEY_UISupportedInterfaceOrientations = UIInterfaceOrientationPortrait;
				LD_RUNPATH_SEARCH_PATHS = (
					"$(inherited)",
					"@executable_path/Frameworks",
				);
				MARKETING_VERSION = 1.0;
				PRODUCT_BUNDLE_IDENTIFIER = $APP_BUNDLE_IDENTIFIER;
				PRODUCT_NAME = $APP_BUNDLE_NAME;
				SWIFT_EMIT_LOC_STRINGS = YES;
				SWIFT_VERSION = 5.0;
				TARGETED_DEVICE_FAMILY = "1,2";
			};
			name = "Production - Debug";
		};
		1FF3DEE82BECFB03008817F4 /* Production - Release */ = {
			isa = XCBuildConfiguration;
			baseConfigurationReference = 1FBDCB2D2BEB651000F14095 /* Production.xcconfig */;
			buildSettings = {
				ALWAYS_SEARCH_USER_PATHS = NO;
				ASSETCATALOG_COMPILER_GENERATE_SWIFT_ASSET_SYMBOL_EXTENSIONS = YES;
				CLANG_ANALYZER_NONNULL = YES;
				CLANG_ANALYZER_NUMBER_OBJECT_CONVERSION = YES_AGGRESSIVE;
				CLANG_CXX_LANGUAGE_STANDARD = "gnu++20";
				CLANG_ENABLE_MODULES = YES;
				CLANG_ENABLE_OBJC_ARC = YES;
				CLANG_ENABLE_OBJC_WEAK = YES;
				CLANG_WARN_BLOCK_CAPTURE_AUTORELEASING = YES;
				CLANG_WARN_BOOL_CONVERSION = YES;
				CLANG_WARN_COMMA = YES;
				CLANG_WARN_CONSTANT_CONVERSION = YES;
				CLANG_WARN_DEPRECATED_OBJC_IMPLEMENTATIONS = YES;
				CLANG_WARN_DIRECT_OBJC_ISA_USAGE = YES_ERROR;
				CLANG_WARN_DOCUMENTATION_COMMENTS = YES;
				CLANG_WARN_EMPTY_BODY = YES;
				CLANG_WARN_ENUM_CONVERSION = YES;
				CLANG_WARN_INFINITE_RECURSION = YES;
				CLANG_WARN_INT_CONVERSION = YES;
				CLANG_WARN_NON_LITERAL_NULL_CONVERSION = YES;
				CLANG_WARN_OBJC_IMPLICIT_RETAIN_SELF = YES;
				CLANG_WARN_OBJC_LITERAL_CONVERSION = YES;
				CLANG_WARN_OBJC_ROOT_CLASS = YES_ERROR;
				CLANG_WARN_QUOTED_INCLUDE_IN_FRAMEWORK_HEADER = YES;
				CLANG_WARN_RANGE_LOOP_ANALYSIS = YES;
				CLANG_WARN_STRICT_PROTOTYPES = YES;
				CLANG_WARN_SUSPICIOUS_MOVE = YES;
				CLANG_WARN_UNGUARDED_AVAILABILITY = YES_AGGRESSIVE;
				CLANG_WARN_UNREACHABLE_CODE = YES;
				CLANG_WARN__DUPLICATE_METHOD_MATCH = YES;
				COPY_PHASE_STRIP = NO;
				DEBUG_INFORMATION_FORMAT = dwarf;
				ENABLE_STRICT_OBJC_MSGSEND = YES;
				ENABLE_TESTABILITY = YES;
				ENABLE_USER_SCRIPT_SANDBOXING = YES;
				GCC_C_LANGUAGE_STANDARD = gnu17;
				GCC_DYNAMIC_NO_PIC = NO;
				GCC_NO_COMMON_BLOCKS = YES;
				GCC_OPTIMIZATION_LEVEL = 0;
				GCC_PREPROCESSOR_DEFINITIONS = (
					"DEBUG=1",
					"$(inherited)",
				);
				GCC_WARN_64_TO_32_BIT_CONVERSION = YES;
				GCC_WARN_ABOUT_RETURN_TYPE = YES_ERROR;
				GCC_WARN_UNDECLARED_SELECTOR = YES;
				GCC_WARN_UNINITIALIZED_AUTOS = YES_AGGRESSIVE;
				GCC_WARN_UNUSED_FUNCTION = YES;
				GCC_WARN_UNUSED_VARIABLE = YES;
				IPHONEOS_DEPLOYMENT_TARGET = 17.4;
				LOCALIZATION_PREFERS_STRING_CATALOGS = YES;
				MTL_ENABLE_DEBUG_INFO = INCLUDE_SOURCE;
				MTL_FAST_MATH = YES;
				ONLY_ACTIVE_ARCH = YES;
				SDKROOT = iphoneos;
				SWIFT_ACTIVE_COMPILATION_CONDITIONS = "DEBUG $(inherited)";
				SWIFT_COMPILATION_MODE = wholemodule;
				SWIFT_OPTIMIZATION_LEVEL = "-Onone";
			};
			name = "Production - Release";
		};
		1FF3DEE92BECFB03008817F4 /* Production - Release */ = {
			isa = XCBuildConfiguration;
			buildSettings = {
				ASSETCATALOG_COMPILER_APPICON_NAME = AppIcon;
				ASSETCATALOG_COMPILER_GLOBAL_ACCENT_COLOR_NAME = AccentColor;
				CODE_SIGN_STYLE = Automatic;
				CURRENT_PROJECT_VERSION = 1;
				DEVELOPMENT_ASSET_PATHS = "\"CourseApp/Preview Content\"";
				DEVELOPMENT_TEAM = P3K32DW2KW;
				ENABLE_PREVIEWS = YES;
				ENABLE_USER_SCRIPT_SANDBOXING = NO;
				GENERATE_INFOPLIST_FILE = YES;
				INFOPLIST_KEY_CFBundleDisplayName = "$(APP_BUNDLE_NAME)";
				INFOPLIST_KEY_LSApplicationCategoryType = "";
				INFOPLIST_KEY_UIApplicationSceneManifest_Generation = YES;
				INFOPLIST_KEY_UIApplicationSupportsIndirectInputEvents = YES;
				INFOPLIST_KEY_UILaunchScreen_Generation = YES;
				INFOPLIST_KEY_UISupportedInterfaceOrientations = UIInterfaceOrientationPortrait;
				LD_RUNPATH_SEARCH_PATHS = (
					"$(inherited)",
					"@executable_path/Frameworks",
				);
				MARKETING_VERSION = 1.0;
				PRODUCT_BUNDLE_IDENTIFIER = $APP_BUNDLE_IDENTIFIER;
				PRODUCT_NAME = $APP_BUNDLE_NAME;
				SWIFT_EMIT_LOC_STRINGS = YES;
				SWIFT_VERSION = 5.0;
				TARGETED_DEVICE_FAMILY = "1,2";
			};
			name = "Production - Release";
		};
/* End XCBuildConfiguration section */

/* Begin XCConfigurationList section */
		1FD1A4192BF3B92B000E73FC /* Build configuration list for PBXNativeTarget "CourseAppTests" */ = {
			isa = XCConfigurationList;
			buildConfigurations = (
				1FD1A41A2BF3B92B000E73FC /* Development - Debug */,
				1FD1A41B2BF3B92B000E73FC /* Production - Debug */,
				1FD1A41C2BF3B92B000E73FC /* Production - Release */,
				1FD1A41D2BF3B92B000E73FC /* Development - Release */,
			);
			defaultConfigurationIsVisible = 0;
			defaultConfigurationName = "Development - Release";
		};
		1FD32B4C2BDACCE1006472B3 /* Build configuration list for PBXProject "CourseApp" */ = {
			isa = XCConfigurationList;
			buildConfigurations = (
				1FD32B5D2BDACCE3006472B3 /* Development - Debug */,
				1FF3DEE62BECFAF0008817F4 /* Production - Debug */,
				1FF3DEE82BECFB03008817F4 /* Production - Release */,
				1FD32B5E2BDACCE3006472B3 /* Development - Release */,
			);
			defaultConfigurationIsVisible = 0;
			defaultConfigurationName = "Development - Release";
		};
		1FD32B5F2BDACCE3006472B3 /* Build configuration list for PBXNativeTarget "CourseApp" */ = {
			isa = XCConfigurationList;
			buildConfigurations = (
				1FD32B602BDACCE3006472B3 /* Development - Debug */,
				1FF3DEE72BECFAF0008817F4 /* Production - Debug */,
				1FF3DEE92BECFB03008817F4 /* Production - Release */,
				1FD32B612BDACCE3006472B3 /* Development - Release */,
			);
			defaultConfigurationIsVisible = 0;
			defaultConfigurationName = "Development - Release";
		};
/* End XCConfigurationList section */

/* Begin XCRemoteSwiftPackageReference section */
		1FBDCB2E2BEB6A0300F14095 /* XCRemoteSwiftPackageReference "SwiftLint" */ = {
			isa = XCRemoteSwiftPackageReference;
			repositoryURL = "https://github.com/realm/SwiftLint.git";
			requirement = {
				kind = upToNextMajorVersion;
				minimumVersion = 0.54.0;
			};
		};
		1FC7EC2C2BEE319D007BCDC4 /* XCRemoteSwiftPackageReference "firebase-ios-sdk" */ = {
			isa = XCRemoteSwiftPackageReference;
			repositoryURL = "https://github.com/firebase/firebase-ios-sdk";
			requirement = {
				kind = upToNextMajorVersion;
				minimumVersion = 10.25.0;
			};
		};
/* End XCRemoteSwiftPackageReference section */

/* Begin XCSwiftPackageProductDependency section */
		1FBDCB2F2BEB6A3500F14095 /* SwiftLintPlugin */ = {
			isa = XCSwiftPackageProductDependency;
			package = 1FBDCB2E2BEB6A0300F14095 /* XCRemoteSwiftPackageReference "SwiftLint" */;
			productName = "plugin:SwiftLintPlugin";
		};
		1FC7EC2D2BEE319D007BCDC4 /* FirebaseAuth */ = {
			isa = XCSwiftPackageProductDependency;
			package = 1FC7EC2C2BEE319D007BCDC4 /* XCRemoteSwiftPackageReference "firebase-ios-sdk" */;
			productName = FirebaseAuth;
		};
		1FC7EC2F2BEE319D007BCDC4 /* FirebaseFirestore */ = {
			isa = XCSwiftPackageProductDependency;
			package = 1FC7EC2C2BEE319D007BCDC4 /* XCRemoteSwiftPackageReference "firebase-ios-sdk" */;
			productName = FirebaseFirestore;
		};
		1FC7EC312BEE319D007BCDC4 /* FirebaseFirestoreCombine-Community */ = {
			isa = XCSwiftPackageProductDependency;
			package = 1FC7EC2C2BEE319D007BCDC4 /* XCRemoteSwiftPackageReference "firebase-ios-sdk" */;
			productName = "FirebaseFirestoreCombine-Community";
		};
		1FC7EC332BEE319D007BCDC4 /* FirebaseFirestoreSwift */ = {
			isa = XCSwiftPackageProductDependency;
			package = 1FC7EC2C2BEE319D007BCDC4 /* XCRemoteSwiftPackageReference "firebase-ios-sdk" */;
			productName = FirebaseFirestoreSwift;
		};
/* End XCSwiftPackageProductDependency section */
	};
	rootObject = 1FD32B492BDACCE1006472B3 /* Project object */;
}
